{
  "name": "@getaip/release-workspace",
  "version": "2.1.0",
  "lockfileVersion": 3,
  "requires": true,
  "packages": {
    "": {
      "name": "@getaip/release-workspace",
      "version": "2.1.0",
      "workspaces": [
        "packages/getaip-cli",
        "packages/getaip"
      ],
      "engines": {
        "node": ">=22.14.0"
      }
    },
    "node_modules/@getaip/cli": {
      "resolved": "packages/getaip-cli",
      "link": true
    },
    "node_modules/getaip": {
      "resolved": "packages/getaip",
      "link": true
    },
    "packages/getaip": {
      "version": "2.1.0",
      "license": "BUSL-1.1",
      "dependencies": {
        "@getaip/cli": "2.1.0"
      },
      "bin": {
        "getaip": "bin/getaip.js"
      },
      "engines": {
        "node": ">=22.14.0"
      }
    },
    "packages/getaip-cli": {
      "name": "@getaip/cli",
      "version": "2.1.0",
      "license": "BUSL-1.1",
      "bin": {
        "getaip": "bin/getaip.js"
      },
      "engines": {
        "node": ">=22.14.0"
      }
    }
  }
}
